// !$*UTF8*$!
{
	archiveVersion = 1;
	classes = {
	};
	objectVersion = 50;
	objects = {

/* Begin PBXBuildFile section */
		D19FA63626EA5F4600DCA71F /* AppDelegate.swift in Sources */ = {isa = PBXBuildFile; fileRef = D19FA63526EA5F4600DCA71F /* AppDelegate.swift */; };
		D19FA63826EA5F4600DCA71F /* SceneDelegate.swift in Sources */ = {isa = PBXBuildFile; fileRef = D19FA63726EA5F4600DCA71F /* SceneDelegate.swift */; };
		D19FA63A26EA5F4600DCA71F /* ViewController.swift in Sources */ = {isa = PBXBuildFile; fileRef = D19FA63926EA5F4600DCA71F /* ViewController.swift */; };
		D19FA63D26EA5F4600DCA71F /* Main.storyboard in Resources */ = {isa = PBXBuildFile; fileRef = D19FA63B26EA5F4600DCA71F /* Main.storyboard */; };
		D19FA63F26EA5F4800DCA71F /* Assets.xcassets in Resources */ = {isa = PBXBuildFile; fileRef = D19FA63E26EA5F4800DCA71F /* Assets.xcassets */; };
		D19FA64226EA5F4800DCA71F /* LaunchScreen.storyboard in Resources */ = {isa = PBXBuildFile; fileRef = D19FA64026EA5F4800DCA71F /* LaunchScreen.storyboard */; };
		D1E3C32A26EA620500D975EE /* BaseViewController.swift in Sources */ = {isa = PBXBuildFile; fileRef = D1E3C32926EA620500D975EE /* BaseViewController.swift */; };
		D1E3C32C26EA621C00D975EE /* BaseView.swift in Sources */ = {isa = PBXBuildFile; fileRef = D1E3C32B26EA621C00D975EE /* BaseView.swift */; };
		D1E3C32F26EA62F300D975EE /* BaseViewable.swift in Sources */ = {isa = PBXBuildFile; fileRef = D1E3C32E26EA62F300D975EE /* BaseViewable.swift */; };
		D1E3C33126EA640C00D975EE /* LoginView.swift in Sources */ = {isa = PBXBuildFile; fileRef = D1E3C33026EA640C00D975EE /* LoginView.swift */; };
		D1E3C33326EA653400D975EE /* BaseViewControllerable.swift in Sources */ = {isa = PBXBuildFile; fileRef = D1E3C33226EA653400D975EE /* BaseViewControllerable.swift */; };
		D1E3C33526EA658D00D975EE /* LoginViewController.swift in Sources */ = {isa = PBXBuildFile; fileRef = D1E3C33426EA658D00D975EE /* LoginViewController.swift */; };
		D1E3C35D26EAF2D100D975EE /* UIView+.swift in Sources */ = {isa = PBXBuildFile; fileRef = D1E3C35C26EAF2D100D975EE /* UIView+.swift */; };
/* End PBXBuildFile section */

/* Begin PBXFileReference section */
		D19FA63226EA5F4600DCA71F /* DeepDa.app */ = {isa = PBXFileReference; explicitFileType = wrapper.application; includeInIndex = 0; path = DeepDa.app; sourceTree = BUILT_PRODUCTS_DIR; };
		D19FA63526EA5F4600DCA71F /* AppDelegate.swift */ = {isa = PBXFileReference; lastKnownFileType = sourcecode.swift; path = AppDelegate.swift; sourceTree = "<group>"; };
		D19FA63726EA5F4600DCA71F /* SceneDelegate.swift */ = {isa = PBXFileReference; lastKnownFileType = sourcecode.swift; path = SceneDelegate.swift; sourceTree = "<group>"; };
		D19FA63926EA5F4600DCA71F /* ViewController.swift */ = {isa = PBXFileReference; lastKnownFileType = sourcecode.swift; path = ViewController.swift; sourceTree = "<group>"; };
		D19FA63C26EA5F4600DCA71F /* Base */ = {isa = PBXFileReference; lastKnownFileType = file.storyboard; name = Base; path = Base.lproj/Main.storyboard; sourceTree = "<group>"; };
		D19FA63E26EA5F4800DCA71F /* Assets.xcassets */ = {isa = PBXFileReference; lastKnownFileType = folder.assetcatalog; path = Assets.xcassets; sourceTree = "<group>"; };
		D19FA64126EA5F4800DCA71F /* Base */ = {isa = PBXFileReference; lastKnownFileType = file.storyboard; name = Base; path = Base.lproj/LaunchScreen.storyboard; sourceTree = "<group>"; };
		D19FA64326EA5F4800DCA71F /* Info.plist */ = {isa = PBXFileReference; lastKnownFileType = text.plist.xml; name = Info.plist; path = DeepDa/SupportingFiles/Info.plist; sourceTree = SOURCE_ROOT; };
		D1E3C32926EA620500D975EE /* BaseViewController.swift */ = {isa = PBXFileReference; lastKnownFileType = sourcecode.swift; path = BaseViewController.swift; sourceTree = "<group>"; };
		D1E3C32B26EA621C00D975EE /* BaseView.swift */ = {isa = PBXFileReference; lastKnownFileType = sourcecode.swift; path = BaseView.swift; sourceTree = "<group>"; };
		D1E3C32E26EA62F300D975EE /* BaseViewable.swift */ = {isa = PBXFileReference; lastKnownFileType = sourcecode.swift; path = BaseViewable.swift; sourceTree = "<group>"; };
		D1E3C33026EA640C00D975EE /* LoginView.swift */ = {isa = PBXFileReference; lastKnownFileType = sourcecode.swift; path = LoginView.swift; sourceTree = "<group>"; };
		D1E3C33226EA653400D975EE /* BaseViewControllerable.swift */ = {isa = PBXFileReference; lastKnownFileType = sourcecode.swift; path = BaseViewControllerable.swift; sourceTree = "<group>"; };
		D1E3C33426EA658D00D975EE /* LoginViewController.swift */ = {isa = PBXFileReference; lastKnownFileType = sourcecode.swift; path = LoginViewController.swift; sourceTree = "<group>"; };
		D1E3C35C26EAF2D100D975EE /* UIView+.swift */ = {isa = PBXFileReference; lastKnownFileType = sourcecode.swift; path = "UIView+.swift"; sourceTree = "<group>"; };
/* End PBXFileReference section */

/* Begin PBXFrameworksBuildPhase section */
		D19FA62F26EA5F4600DCA71F /* Frameworks */ = {
			isa = PBXFrameworksBuildPhase;
			buildActionMask = 2147483647;
			files = (
			);
			runOnlyForDeploymentPostprocessing = 0;
		};
/* End PBXFrameworksBuildPhase section */

/* Begin PBXGroup section */
		D19FA62926EA5F4600DCA71F = {
			isa = PBXGroup;
			children = (
				D19FA63426EA5F4600DCA71F /* DeepDa */,
				D19FA63326EA5F4600DCA71F /* Products */,
			);
			sourceTree = "<group>";
		};
		D19FA63326EA5F4600DCA71F /* Products */ = {
			isa = PBXGroup;
			children = (
				D19FA63226EA5F4600DCA71F /* DeepDa.app */,
			);
			name = Products;
			sourceTree = "<group>";
		};
		D19FA63426EA5F4600DCA71F /* DeepDa */ = {
			isa = PBXGroup;
			children = (
				D19FA64B26EA5FCF00DCA71F /* SupportingFiles */,
				D19FA64926EA5FAB00DCA71F /* AppLifeCycle */,
				D19FA64A26EA5FC100DCA71F /* View */,
			);
			path = DeepDa;
			sourceTree = "<group>";
		};
		D19FA64926EA5FAB00DCA71F /* AppLifeCycle */ = {
			isa = PBXGroup;
			children = (
				D19FA63526EA5F4600DCA71F /* AppDelegate.swift */,
				D19FA63726EA5F4600DCA71F /* SceneDelegate.swift */,
			);
			path = AppLifeCycle;
			sourceTree = "<group>";
		};
		D19FA64A26EA5FC100DCA71F /* View */ = {
			isa = PBXGroup;
			children = (
				D1E3C32D26EA624600D975EE /* Root */,
				D19FA63926EA5F4600DCA71F /* ViewController.swift */,
				D19FA63B26EA5F4600DCA71F /* Main.storyboard */,
				D19FA64026EA5F4800DCA71F /* LaunchScreen.storyboard */,
				D1E3C33626EA660A00D975EE /* LoginViewController */,
			);
			path = View;
			sourceTree = "<group>";
		};
		D19FA64B26EA5FCF00DCA71F /* SupportingFiles */ = {
			isa = PBXGroup;
			children = (
				D1E3C35B26EAF2B700D975EE /* Extensions */,
				D19FA63E26EA5F4800DCA71F /* Assets.xcassets */,
				D19FA64326EA5F4800DCA71F /* Info.plist */,
			);
			path = SupportingFiles;
			sourceTree = "<group>";
		};
		D1E3C32D26EA624600D975EE /* Root */ = {
			isa = PBXGroup;
			children = (
				D1E3C32E26EA62F300D975EE /* BaseViewable.swift */,
				D1E3C32B26EA621C00D975EE /* BaseView.swift */,
				D1E3C33226EA653400D975EE /* BaseViewControllerable.swift */,
				D1E3C32926EA620500D975EE /* BaseViewController.swift */,
			);
			path = Root;
			sourceTree = "<group>";
		};
		D1E3C33626EA660A00D975EE /* LoginViewController */ = {
			isa = PBXGroup;
			children = (
				D1E3C33026EA640C00D975EE /* LoginView.swift */,
				D1E3C33426EA658D00D975EE /* LoginViewController.swift */,
			);
			path = LoginViewController;
			sourceTree = "<group>";
		};
		D1E3C35B26EAF2B700D975EE /* Extensions */ = {
			isa = PBXGroup;
			children = (
				D1E3C35C26EAF2D100D975EE /* UIView+.swift */,
			);
			path = Extensions;
			sourceTree = "<group>";
		};
/* End PBXGroup section */

/* Begin PBXNativeTarget section */
		D19FA63126EA5F4600DCA71F /* DeepDa */ = {
			isa = PBXNativeTarget;
			buildConfigurationList = D19FA64626EA5F4800DCA71F /* Build configuration list for PBXNativeTarget "DeepDa" */;
			buildPhases = (
				D19FA62E26EA5F4600DCA71F /* Sources */,
				D19FA62F26EA5F4600DCA71F /* Frameworks */,
				D19FA63026EA5F4600DCA71F /* Resources */,
			);
			buildRules = (
			);
			dependencies = (
			);
			name = DeepDa;
			productName = DeepDa;
			productReference = D19FA63226EA5F4600DCA71F /* DeepDa.app */;
			productType = "com.apple.product-type.application";
		};
/* End PBXNativeTarget section */

/* Begin PBXProject section */
		D19FA62A26EA5F4600DCA71F /* Project object */ = {
			isa = PBXProject;
			attributes = {
				LastSwiftUpdateCheck = 1250;
				LastUpgradeCheck = 1250;
				TargetAttributes = {
					D19FA63126EA5F4600DCA71F = {
						CreatedOnToolsVersion = 12.5;
					};
				};
			};
			buildConfigurationList = D19FA62D26EA5F4600DCA71F /* Build configuration list for PBXProject "DeepDa" */;
			compatibilityVersion = "Xcode 9.3";
			developmentRegion = en;
			hasScannedForEncodings = 0;
			knownRegions = (
				en,
				Base,
			);
			mainGroup = D19FA62926EA5F4600DCA71F;
			productRefGroup = D19FA63326EA5F4600DCA71F /* Products */;
			projectDirPath = "";
			projectRoot = "";
			targets = (
				D19FA63126EA5F4600DCA71F /* DeepDa */,
			);
		};
/* End PBXProject section */

/* Begin PBXResourcesBuildPhase section */
		D19FA63026EA5F4600DCA71F /* Resources */ = {
			isa = PBXResourcesBuildPhase;
			buildActionMask = 2147483647;
			files = (
				D19FA64226EA5F4800DCA71F /* LaunchScreen.storyboard in Resources */,
				D19FA63F26EA5F4800DCA71F /* Assets.xcassets in Resources */,
				D19FA63D26EA5F4600DCA71F /* Main.storyboard in Resources */,
			);
			runOnlyForDeploymentPostprocessing = 0;
		};
/* End PBXResourcesBuildPhase section */

/* Begin PBXSourcesBuildPhase section */
		D19FA62E26EA5F4600DCA71F /* Sources */ = {
			isa = PBXSourcesBuildPhase;
			buildActionMask = 2147483647;
			files = (
				D1E3C33526EA658D00D975EE /* LoginViewController.swift in Sources */,
				D19FA63A26EA5F4600DCA71F /* ViewController.swift in Sources */,
				D1E3C33126EA640C00D975EE /* LoginView.swift in Sources */,
				D1E3C32A26EA620500D975EE /* BaseViewController.swift in Sources */,
				D1E3C35D26EAF2D100D975EE /* UIView+.swift in Sources */,
				D1E3C32C26EA621C00D975EE /* BaseView.swift in Sources */,
				D1E3C33326EA653400D975EE /* BaseViewControllerable.swift in Sources */,
				D1E3C32F26EA62F300D975EE /* BaseViewable.swift in Sources */,
				D19FA63626EA5F4600DCA71F /* AppDelegate.swift in Sources */,
				D19FA63826EA5F4600DCA71F /* SceneDelegate.swift in Sources */,
			);
			runOnlyForDeploymentPostprocessing = 0;
		};
/* End PBXSourcesBuildPhase section */

/* Begin PBXVariantGroup section */
		D19FA63B26EA5F4600DCA71F /* Main.storyboard */ = {
			isa = PBXVariantGroup;
			children = (
				D19FA63C26EA5F4600DCA71F /* Base */,
			);
			name = Main.storyboard;
			sourceTree = "<group>";
		};
		D19FA64026EA5F4800DCA71F /* LaunchScreen.storyboard */ = {
			isa = PBXVariantGroup;
			children = (
				D19FA64126EA5F4800DCA71F /* Base */,
			);
			name = LaunchScreen.storyboard;
			sourceTree = "<group>";
		};
/* End PBXVariantGroup section */

/* Begin XCBuildConfiguration section */
		D19FA64426EA5F4800DCA71F /* Debug */ = {
			isa = XCBuildConfiguration;
			buildSettings = {
				ALWAYS_SEARCH_USER_PATHS = NO;
				CLANG_ANALYZER_NONNULL = YES;
				CLANG_ANALYZER_NUMBER_OBJECT_CONVERSION = YES_AGGRESSIVE;
				CLANG_CXX_LANGUAGE_STANDARD = "gnu++14";
				CLANG_CXX_LIBRARY = "libc++";
				CLANG_ENABLE_MODULES = YES;
				CLANG_ENABLE_OBJC_ARC = YES;
				CLANG_ENABLE_OBJC_WEAK = YES;
				CLANG_WARN_BLOCK_CAPTURE_AUTORELEASING = YES;
				CLANG_WARN_BOOL_CONVERSION = YES;
				CLANG_WARN_COMMA = YES;
				CLANG_WARN_CONSTANT_CONVERSION = YES;
				CLANG_WARN_DEPRECATED_OBJC_IMPLEMENTATIONS = YES;
				CLANG_WARN_DIRECT_OBJC_ISA_USAGE = YES_ERROR;
				CLANG_WARN_DOCUMENTATION_COMMENTS = YES;
				CLANG_WARN_EMPTY_BODY = YES;
				CLANG_WARN_ENUM_CONVERSION = YES;
				CLANG_WARN_INFINITE_RECURSION = YES;
				CLANG_WARN_INT_CONVERSION = YES;
				CLANG_WARN_NON_LITERAL_NULL_CONVERSION = YES;
				CLANG_WARN_OBJC_IMPLICIT_RETAIN_SELF = YES;
				CLANG_WARN_OBJC_LITERAL_CONVERSION = YES;
				CLANG_WARN_OBJC_ROOT_CLASS = YES_ERROR;
				CLANG_WARN_QUOTED_INCLUDE_IN_FRAMEWORK_HEADER = YES;
				CLANG_WARN_RANGE_LOOP_ANALYSIS = YES;
				CLANG_WARN_STRICT_PROTOTYPES = YES;
				CLANG_WARN_SUSPICIOUS_MOVE = YES;
				CLANG_WARN_UNGUARDED_AVAILABILITY = YES_AGGRESSIVE;
				CLANG_WARN_UNREACHABLE_CODE = YES;
				CLANG_WARN__DUPLICATE_METHOD_MATCH = YES;
				COPY_PHASE_STRIP = NO;
				DEBUG_INFORMATION_FORMAT = dwarf;
				ENABLE_STRICT_OBJC_MSGSEND = YES;
				ENABLE_TESTABILITY = YES;
				GCC_C_LANGUAGE_STANDARD = gnu11;
				GCC_DYNAMIC_NO_PIC = NO;
				GCC_NO_COMMON_BLOCKS = YES;
				GCC_OPTIMIZATION_LEVEL = 0;
				GCC_PREPROCESSOR_DEFINITIONS = (
					"DEBUG=1",
					"$(inherited)",
				);
				GCC_WARN_64_TO_32_BIT_CONVERSION = YES;
				GCC_WARN_ABOUT_RETURN_TYPE = YES_ERROR;
				GCC_WARN_UNDECLARED_SELECTOR = YES;
				GCC_WARN_UNINITIALIZED_AUTOS = YES_AGGRESSIVE;
				GCC_WARN_UNUSED_FUNCTION = YES;
				GCC_WARN_UNUSED_VARIABLE = YES;
				IPHONEOS_DEPLOYMENT_TARGET = 14.5;
				MTL_ENABLE_DEBUG_INFO = INCLUDE_SOURCE;
				MTL_FAST_MATH = YES;
				ONLY_ACTIVE_ARCH = YES;
				SDKROOT = iphoneos;
				SWIFT_ACTIVE_COMPILATION_CONDITIONS = DEBUG;
				SWIFT_OPTIMIZATION_LEVEL = "-Onone";
			};
			name = Debug;
		};
		D19FA64526EA5F4800DCA71F /* Release */ = {
			isa = XCBuildConfiguration;
			buildSettings = {
				ALWAYS_SEARCH_USER_PATHS = NO;
				CLANG_ANALYZER_NONNULL = YES;
				CLANG_ANALYZER_NUMBER_OBJECT_CONVERSION = YES_AGGRESSIVE;
				CLANG_CXX_LANGUAGE_STANDARD = "gnu++14";
				CLANG_CXX_LIBRARY = "libc++";
				CLANG_ENABLE_MODULES = YES;
				CLANG_ENABLE_OBJC_ARC = YES;
				CLANG_ENABLE_OBJC_WEAK = YES;
				CLANG_WARN_BLOCK_CAPTURE_AUTORELEASING = YES;
				CLANG_WARN_BOOL_CONVERSION = YES;
				CLANG_WARN_COMMA = YES;
				CLANG_WARN_CONSTANT_CONVERSION = YES;
				CLANG_WARN_DEPRECATED_OBJC_IMPLEMENTATIONS = YES;
				CLANG_WARN_DIRECT_OBJC_ISA_USAGE = YES_ERROR;
				CLANG_WARN_DOCUMENTATION_COMMENTS = YES;
				CLANG_WARN_EMPTY_BODY = YES;
				CLANG_WARN_ENUM_CONVERSION = YES;
				CLANG_WARN_INFINITE_RECURSION = YES;
				CLANG_WARN_INT_CONVERSION = YES;
				CLANG_WARN_NON_LITERAL_NULL_CONVERSION = YES;
				CLANG_WARN_OBJC_IMPLICIT_RETAIN_SELF = YES;
				CLANG_WARN_OBJC_LITERAL_CONVERSION = YES;
				CLANG_WARN_OBJC_ROOT_CLASS = YES_ERROR;
				CLANG_WARN_QUOTED_INCLUDE_IN_FRAMEWORK_HEADER = YES;
				CLANG_WARN_RANGE_LOOP_ANALYSIS = YES;
				CLANG_WARN_STRICT_PROTOTYPES = YES;
				CLANG_WARN_SUSPICIOUS_MOVE = YES;
				CLANG_WARN_UNGUARDED_AVAILABILITY = YES_AGGRESSIVE;
				CLANG_WARN_UNREACHABLE_CODE = YES;
				CLANG_WARN__DUPLICATE_METHOD_MATCH = YES;
				COPY_PHASE_STRIP = NO;
				DEBUG_INFORMATION_FORMAT = "dwarf-with-dsym";
				ENABLE_NS_ASSERTIONS = NO;
				ENABLE_STRICT_OBJC_MSGSEND = YES;
				GCC_C_LANGUAGE_STANDARD = gnu11;
				GCC_NO_COMMON_BLOCKS = YES;
				GCC_WARN_64_TO_32_BIT_CONVERSION = YES;
				GCC_WARN_ABOUT_RETURN_TYPE = YES_ERROR;
				GCC_WARN_UNDECLARED_SELECTOR = YES;
				GCC_WARN_UNINITIALIZED_AUTOS = YES_AGGRESSIVE;
				GCC_WARN_UNUSED_FUNCTION = YES;
				GCC_WARN_UNUSED_VARIABLE = YES;
				IPHONEOS_DEPLOYMENT_TARGET = 14.5;
				MTL_ENABLE_DEBUG_INFO = NO;
				MTL_FAST_MATH = YES;
				SDKROOT = iphoneos;
				SWIFT_COMPILATION_MODE = wholemodule;
				SWIFT_OPTIMIZATION_LEVEL = "-O";
				VALIDATE_PRODUCT = YES;
			};
			name = Release;
		};
		D19FA64726EA5F4800DCA71F /* Debug */ = {
			isa = XCBuildConfiguration;
			buildSettings = {
				ASSETCATALOG_COMPILER_APPICON_NAME = AppIcon;
				ASSETCATALOG_COMPILER_GLOBAL_ACCENT_COLOR_NAME = AccentColor;
				CODE_SIGN_STYLE = Automatic;
				DEVELOPMENT_TEAM = 6U5233X9SB;
				INFOPLIST_FILE = DeepDa/SupportingFiles/Info.plist;
				LD_RUNPATH_SEARCH_PATHS = (
					"$(inherited)",
					"@executable_path/Frameworks",
				);
				PRODUCT_BUNDLE_IDENTIFIER = edu.dongguk.cs.DeepDa;
				PRODUCT_NAME = "$(TARGET_NAME)";
				SWIFT_VERSION = 5.0;
				TARGETED_DEVICE_FAMILY = "1,2";
			};
			name = Debug;
		};
		D19FA64826EA5F4800DCA71F /* Release */ = {
			isa = XCBuildConfiguration;
			buildSettings = {
				ASSETCATALOG_COMPILER_APPICON_NAME = AppIcon;
				ASSETCATALOG_COMPILER_GLOBAL_ACCENT_COLOR_NAME = AccentColor;
				CODE_SIGN_STYLE = Automatic;
				DEVELOPMENT_TEAM = 6U5233X9SB;
				INFOPLIST_FILE = DeepDa/SupportingFiles/Info.plist;
				LD_RUNPATH_SEARCH_PATHS = (
					"$(inherited)",
					"@executable_path/Frameworks",
				);
				PRODUCT_BUNDLE_IDENTIFIER = edu.dongguk.cs.DeepDa;
				PRODUCT_NAME = "$(TARGET_NAME)";
				SWIFT_VERSION = 5.0;
				TARGETED_DEVICE_FAMILY = "1,2";
			};
			name = Release;
		};
/* End XCBuildConfiguration section */

/* Begin XCConfigurationList section */
		D19FA62D26EA5F4600DCA71F /* Build configuration list for PBXProject "DeepDa" */ = {
			isa = XCConfigurationList;
			buildConfigurations = (
				D19FA64426EA5F4800DCA71F /* Debug */,
				D19FA64526EA5F4800DCA71F /* Release */,
			);
			defaultConfigurationIsVisible = 0;
			defaultConfigurationName = Release;
		};
		D19FA64626EA5F4800DCA71F /* Build configuration list for PBXNativeTarget "DeepDa" */ = {
			isa = XCConfigurationList;
			buildConfigurations = (
				D19FA64726EA5F4800DCA71F /* Debug */,
				D19FA64826EA5F4800DCA71F /* Release */,
			);
			defaultConfigurationIsVisible = 0;
			defaultConfigurationName = Release;
		};
/* End XCConfigurationList section */
	};
	rootObject = D19FA62A26EA5F4600DCA71F /* Project object */;
}
